{
  "name": "metro",
  "lockfileVersion": 3,
  "requires": true,
  "packages": {
    "": {
      "dependencies": {
        "spark-md5": "^3.0.2",
        "tdesign-miniprogram": "^1.1.5-beta"
      }
    },
    "node_modules/dayjs": {
      "version": "1.11.7",
      "resolved": "https://registry.npmjs.org/dayjs/-/dayjs-1.11.7.tgz",
      "integrity": "sha512-+Yw9U6YO5TQohxLcIkrXBeY73WP3ejHWVvx8XCk3gxvQDCTEmS48ZrSZCKciI7Bhl/uCMyxYtE9UqRILmFphkQ=="
    },
    "node_modules/spark-md5": {
      "version": "3.0.2",
      "resolved": "https://registry.npmjs.org/spark-md5/-/spark-md5-3.0.2.tgz",
      "integrity": "sha512-wcFzz9cDfbuqe0FZzfi2or1sgyIrsDwmPwfZC4hiNidPdPINjeUwNfv5kldczoEAcjl9Y1L3SM7Uz2PUEQzxQw=="
    },
    "node_modules/tdesign-miniprogram": {
      "version": "1.1.5-beta",
      "resolved": "https://registry.npmjs.org/tdesign-miniprogram/-/tdesign-miniprogram-1.1.5-beta.tgz",
      "integrity": "sha512-pZK1KpeKABjdblsM830i4SQ0SLqJTEH9MyzdmzL3D3baelBlb3lIA3kmqzUz/twHhO3rKaHhjWGaio8wmy1c5w==",
      "dependencies": {
        "dayjs": "^1.10.7"
      }
    }
  }
}
